// !$*UTF8*$!
{
	archiveVersion = 1;
	classes = {
	};
	objectVersion = 55;
	objects = {

/* Begin PBXBuildFile section */
		5FE4D51128083B710082542F /* AppDelegate.swift in Sources */ = {isa = PBXBuildFile; fileRef = 5FE4D51028083B710082542F /* AppDelegate.swift */; };
		5FE4D51328083B710082542F /* SceneDelegate.swift in Sources */ = {isa = PBXBuildFile; fileRef = 5FE4D51228083B710082542F /* SceneDelegate.swift */; };
		5FE4D51828083B710082542F /* Main.storyboard in Resources */ = {isa = PBXBuildFile; fileRef = 5FE4D51628083B710082542F /* Main.storyboard */; };
		5FE4D51A28083B730082542F /* Assets.xcassets in Resources */ = {isa = PBXBuildFile; fileRef = 5FE4D51928083B730082542F /* Assets.xcassets */; };
		5FE4D51D28083B730082542F /* LaunchScreen.storyboard in Resources */ = {isa = PBXBuildFile; fileRef = 5FE4D51B28083B730082542F /* LaunchScreen.storyboard */; };
		5FE4D527280842220082542F /* HomePageViewController.swift in Sources */ = {isa = PBXBuildFile; fileRef = 5FE4D526280842220082542F /* HomePageViewController.swift */; };
		5FE4D529280848E20082542F /* CharacterDetailsViewController.swift in Sources */ = {isa = PBXBuildFile; fileRef = 5FE4D528280848E20082542F /* CharacterDetailsViewController.swift */; };
		5FE4D52B28084B720082542F /* CharacterCell.swift in Sources */ = {isa = PBXBuildFile; fileRef = 5FE4D52A28084B720082542F /* CharacterCell.swift */; };
		5FE4D52F28084D390082542F /* Character.swift in Sources */ = {isa = PBXBuildFile; fileRef = 5FE4D52E28084D390082542F /* Character.swift */; };
		5FE4D53228084D8E0082542F /* ErrorMessage.swift in Sources */ = {isa = PBXBuildFile; fileRef = 5FE4D53128084D8E0082542F /* ErrorMessage.swift */; };
		5FE4D53528084DC50082542F /* WebService.swift in Sources */ = {isa = PBXBuildFile; fileRef = 5FE4D53428084DC40082542F /* WebService.swift */; };
		5FE4D53728084DFB0082542F /* HomePageViewModel.swift in Sources */ = {isa = PBXBuildFile; fileRef = 5FE4D53628084DFB0082542F /* HomePageViewModel.swift */; };
		77C2991CF240A5DC8DFD23AE /* Pods_Rick_and_Morty_test_app.framework in Frameworks */ = {isa = PBXBuildFile; fileRef = E7A638993B1EF4BAE20A55AB /* Pods_Rick_and_Morty_test_app.framework */; };
/* End PBXBuildFile section */

/* Begin PBXFileReference section */
		32BD162E142E6CF90839A0BF /* Pods-Rick and Morty test app.release.xcconfig */ = {isa = PBXFileReference; includeInIndex = 1; lastKnownFileType = text.xcconfig; name = "Pods-Rick and Morty test app.release.xcconfig"; path = "Target Support Files/Pods-Rick and Morty test app/Pods-Rick and Morty test app.release.xcconfig"; sourceTree = "<group>"; };
		4C406F7BA1050F59634EAB3C /* Pods-Rick and Morty test app.debug.xcconfig */ = {isa = PBXFileReference; includeInIndex = 1; lastKnownFileType = text.xcconfig; name = "Pods-Rick and Morty test app.debug.xcconfig"; path = "Target Support Files/Pods-Rick and Morty test app/Pods-Rick and Morty test app.debug.xcconfig"; sourceTree = "<group>"; };
		5FE4D50D28083B710082542F /* Rick and Morty test app.app */ = {isa = PBXFileReference; explicitFileType = wrapper.application; includeInIndex = 0; path = "Rick and Morty test app.app"; sourceTree = BUILT_PRODUCTS_DIR; };
		5FE4D51028083B710082542F /* AppDelegate.swift */ = {isa = PBXFileReference; lastKnownFileType = sourcecode.swift; path = AppDelegate.swift; sourceTree = "<group>"; };
		5FE4D51228083B710082542F /* SceneDelegate.swift */ = {isa = PBXFileReference; lastKnownFileType = sourcecode.swift; path = SceneDelegate.swift; sourceTree = "<group>"; };
		5FE4D51728083B710082542F /* Base */ = {isa = PBXFileReference; lastKnownFileType = file.storyboard; name = Base; path = Base.lproj/Main.storyboard; sourceTree = "<group>"; };
		5FE4D51928083B730082542F /* Assets.xcassets */ = {isa = PBXFileReference; lastKnownFileType = folder.assetcatalog; path = Assets.xcassets; sourceTree = "<group>"; };
		5FE4D51C28083B730082542F /* Base */ = {isa = PBXFileReference; lastKnownFileType = file.storyboard; name = Base; path = Base.lproj/LaunchScreen.storyboard; sourceTree = "<group>"; };
		5FE4D51E28083B730082542F /* Info.plist */ = {isa = PBXFileReference; lastKnownFileType = text.plist.xml; path = Info.plist; sourceTree = "<group>"; };
		5FE4D526280842220082542F /* HomePageViewController.swift */ = {isa = PBXFileReference; lastKnownFileType = sourcecode.swift; path = HomePageViewController.swift; sourceTree = "<group>"; };
		5FE4D528280848E20082542F /* CharacterDetailsViewController.swift */ = {isa = PBXFileReference; lastKnownFileType = sourcecode.swift; path = CharacterDetailsViewController.swift; sourceTree = "<group>"; };
		5FE4D52A28084B720082542F /* CharacterCell.swift */ = {isa = PBXFileReference; lastKnownFileType = sourcecode.swift; path = CharacterCell.swift; sourceTree = "<group>"; };
		5FE4D52E28084D390082542F /* Character.swift */ = {isa = PBXFileReference; lastKnownFileType = sourcecode.swift; path = Character.swift; sourceTree = "<group>"; };
		5FE4D53128084D8E0082542F /* ErrorMessage.swift */ = {isa = PBXFileReference; lastKnownFileType = sourcecode.swift; path = ErrorMessage.swift; sourceTree = "<group>"; };
		5FE4D53428084DC40082542F /* WebService.swift */ = {isa = PBXFileReference; lastKnownFileType = sourcecode.swift; path = WebService.swift; sourceTree = "<group>"; };
		5FE4D53628084DFB0082542F /* HomePageViewModel.swift */ = {isa = PBXFileReference; lastKnownFileType = sourcecode.swift; path = HomePageViewModel.swift; sourceTree = "<group>"; };
		E7A638993B1EF4BAE20A55AB /* Pods_Rick_and_Morty_test_app.framework */ = {isa = PBXFileReference; explicitFileType = wrapper.framework; includeInIndex = 0; path = Pods_Rick_and_Morty_test_app.framework; sourceTree = BUILT_PRODUCTS_DIR; };
/* End PBXFileReference section */

/* Begin PBXFrameworksBuildPhase section */
		5FE4D50A28083B710082542F /* Frameworks */ = {
			isa = PBXFrameworksBuildPhase;
			buildActionMask = 2147483647;
			files = (
				77C2991CF240A5DC8DFD23AE /* Pods_Rick_and_Morty_test_app.framework in Frameworks */,
			);
			runOnlyForDeploymentPostprocessing = 0;
		};
/* End PBXFrameworksBuildPhase section */

/* Begin PBXGroup section */
		5F6FD1A228086DC900503A9B /* Networking */ = {
			isa = PBXGroup;
			children = (
				5FE4D53428084DC40082542F /* WebService.swift */,
			);
			path = Networking;
			sourceTree = "<group>";
		};
		5FE4D50428083B710082542F = {
			isa = PBXGroup;
			children = (
				5FE4D50F28083B710082542F /* Rick and Morty test app */,
				5FE4D50E28083B710082542F /* Products */,
				866F35EE45B7860ECE9422F1 /* Pods */,
				78345545862F938DA27CB280 /* Frameworks */,
			);
			sourceTree = "<group>";
		};
		5FE4D50E28083B710082542F /* Products */ = {
			isa = PBXGroup;
			children = (
				5FE4D50D28083B710082542F /* Rick and Morty test app.app */,
			);
			name = Products;
			sourceTree = "<group>";
		};
		5FE4D50F28083B710082542F /* Rick and Morty test app */ = {
			isa = PBXGroup;
			children = (
				5F6FD1A228086DC900503A9B /* Networking */,
				5FE4D53328084D970082542F /* Utilities */,
				5FE4D53028084D450082542F /* Model */,
				5FE4D52D28084C220082542F /* View */,
				5FE4D53828084E020082542F /* ViewModel */,
				5FE4D53928084EBD0082542F /* AppDelegate */,
				5FE4D51928083B730082542F /* Assets.xcassets */,
				5FE4D51E28083B730082542F /* Info.plist */,
			);
			path = "Rick and Morty test app";
			sourceTree = "<group>";
		};
		5FE4D52C28084C020082542F /* Cell */ = {
			isa = PBXGroup;
			children = (
				5FE4D52A28084B720082542F /* CharacterCell.swift */,
			);
			path = Cell;
			sourceTree = "<group>";
		};
		5FE4D52D28084C220082542F /* View */ = {
			isa = PBXGroup;
			children = (
				5FE4D52C28084C020082542F /* Cell */,
				5FE4D526280842220082542F /* HomePageViewController.swift */,
				5FE4D528280848E20082542F /* CharacterDetailsViewController.swift */,
				5FE4D51628083B710082542F /* Main.storyboard */,
				5FE4D51B28083B730082542F /* LaunchScreen.storyboard */,
			);
			path = View;
			sourceTree = "<group>";
		};
		5FE4D53028084D450082542F /* Model */ = {
			isa = PBXGroup;
			children = (
				5FE4D52E28084D390082542F /* Character.swift */,
			);
			path = Model;
			sourceTree = "<group>";
		};
		5FE4D53328084D970082542F /* Utilities */ = {
			isa = PBXGroup;
			children = (
				5FE4D53128084D8E0082542F /* ErrorMessage.swift */,
			);
			path = Utilities;
			sourceTree = "<group>";
		};
		5FE4D53828084E020082542F /* ViewModel */ = {
			isa = PBXGroup;
			children = (
				5FE4D53628084DFB0082542F /* HomePageViewModel.swift */,
			);
			path = ViewModel;
			sourceTree = "<group>";
		};
		5FE4D53928084EBD0082542F /* AppDelegate */ = {
			isa = PBXGroup;
			children = (
				5FE4D51028083B710082542F /* AppDelegate.swift */,
				5FE4D51228083B710082542F /* SceneDelegate.swift */,
			);
			path = AppDelegate;
			sourceTree = "<group>";
		};
		78345545862F938DA27CB280 /* Frameworks */ = {
			isa = PBXGroup;
			children = (
				E7A638993B1EF4BAE20A55AB /* Pods_Rick_and_Morty_test_app.framework */,
			);
			name = Frameworks;
			sourceTree = "<group>";
		};
		866F35EE45B7860ECE9422F1 /* Pods */ = {
			isa = PBXGroup;
			children = (
				4C406F7BA1050F59634EAB3C /* Pods-Rick and Morty test app.debug.xcconfig */,
				32BD162E142E6CF90839A0BF /* Pods-Rick and Morty test app.release.xcconfig */,
			);
			path = Pods;
			sourceTree = "<group>";
		};
/* End PBXGroup section */

/* Begin PBXNativeTarget section */
		5FE4D50C28083B710082542F /* Rick and Morty test app */ = {
			isa = PBXNativeTarget;
			buildConfigurationList = 5FE4D52128083B730082542F /* Build configuration list for PBXNativeTarget "Rick and Morty test app" */;
			buildPhases = (
				69BAD091F865D66EA5C66FC0 /* [CP] Check Pods Manifest.lock */,
				5FE4D50928083B710082542F /* Sources */,
				5FE4D50A28083B710082542F /* Frameworks */,
				5FE4D50B28083B710082542F /* Resources */,
				9FF06DA94F13911C27CDB0EC /* [CP] Embed Pods Frameworks */,
			);
			buildRules = (
			);
			dependencies = (
			);
			name = "Rick and Morty test app";
			productName = "Rick and Morty test app";
			productReference = 5FE4D50D28083B710082542F /* Rick and Morty test app.app */;
			productType = "com.apple.product-type.application";
		};
/* End PBXNativeTarget section */

/* Begin PBXProject section */
		5FE4D50528083B710082542F /* Project object */ = {
			isa = PBXProject;
			attributes = {
				BuildIndependentTargetsInParallel = 1;
				LastSwiftUpdateCheck = 1310;
				LastUpgradeCheck = 1310;
				TargetAttributes = {
					5FE4D50C28083B710082542F = {
						CreatedOnToolsVersion = 13.1;
					};
				};
			};
			buildConfigurationList = 5FE4D50828083B710082542F /* Build configuration list for PBXProject "Rick and Morty test app" */;
			compatibilityVersion = "Xcode 13.0";
			developmentRegion = en;
			hasScannedForEncodings = 0;
			knownRegions = (
				en,
				Base,
			);
			mainGroup = 5FE4D50428083B710082542F;
			productRefGroup = 5FE4D50E28083B710082542F /* Products */;
			projectDirPath = "";
			projectRoot = "";
			targets = (
				5FE4D50C28083B710082542F /* Rick and Morty test app */,
			);
		};
/* End PBXProject section */

/* Begin PBXResourcesBuildPhase section */
		5FE4D50B28083B710082542F /* Resources */ = {
			isa = PBXResourcesBuildPhase;
			buildActionMask = 2147483647;
			files = (
				5FE4D51D28083B730082542F /* LaunchScreen.storyboard in Resources */,
				5FE4D51A28083B730082542F /* Assets.xcassets in Resources */,
				5FE4D51828083B710082542F /* Main.storyboard in Resources */,
			);
			runOnlyForDeploymentPostprocessing = 0;
		};
/* End PBXResourcesBuildPhase section */

/* Begin PBXShellScriptBuildPhase section */
		69BAD091F865D66EA5C66FC0 /* [CP] Check Pods Manifest.lock */ = {
			isa = PBXShellScriptBuildPhase;
			buildActionMask = 2147483647;
			files = (
			);
			inputFileListPaths = (
			);
			inputPaths = (
				"${PODS_PODFILE_DIR_PATH}/Podfile.lock",
				"${PODS_ROOT}/Manifest.lock",
			);
			name = "[CP] Check Pods Manifest.lock";
			outputFileListPaths = (
			);
			outputPaths = (
				"$(DERIVED_FILE_DIR)/Pods-Rick and Morty test app-checkManifestLockResult.txt",
			);
			runOnlyForDeploymentPostprocessing = 0;
			shellPath = /bin/sh;
			shellScript = "diff \"${PODS_PODFILE_DIR_PATH}/Podfile.lock\" \"${PODS_ROOT}/Manifest.lock\" > /dev/null\nif [ $? != 0 ] ; then\n    # print error to STDERR\n    echo \"error: The sandbox is not in sync with the Podfile.lock. Run 'pod install' or update your CocoaPods installation.\" >&2\n    exit 1\nfi\n# This output is used by Xcode 'outputs' to avoid re-running this script phase.\necho \"SUCCESS\" > \"${SCRIPT_OUTPUT_FILE_0}\"\n";
			showEnvVarsInLog = 0;
		};
		9FF06DA94F13911C27CDB0EC /* [CP] Embed Pods Frameworks */ = {
			isa = PBXShellScriptBuildPhase;
			buildActionMask = 2147483647;
			files = (
			);
			inputFileListPaths = (
				"${PODS_ROOT}/Target Support Files/Pods-Rick and Morty test app/Pods-Rick and Morty test app-frameworks-${CONFIGURATION}-input-files.xcfilelist",
			);
			name = "[CP] Embed Pods Frameworks";
			outputFileListPaths = (
				"${PODS_ROOT}/Target Support Files/Pods-Rick and Morty test app/Pods-Rick and Morty test app-frameworks-${CONFIGURATION}-output-files.xcfilelist",
			);
			runOnlyForDeploymentPostprocessing = 0;
			shellPath = /bin/sh;
			shellScript = "\"${PODS_ROOT}/Target Support Files/Pods-Rick and Morty test app/Pods-Rick and Morty test app-frameworks.sh\"\n";
			showEnvVarsInLog = 0;
		};
/* End PBXShellScriptBuildPhase section */

/* Begin PBXSourcesBuildPhase section */
		5FE4D50928083B710082542F /* Sources */ = {
			isa = PBXSourcesBuildPhase;
			buildActionMask = 2147483647;
			files = (
				5FE4D52B28084B720082542F /* CharacterCell.swift in Sources */,
				5FE4D53228084D8E0082542F /* ErrorMessage.swift in Sources */,
				5FE4D53728084DFB0082542F /* HomePageViewModel.swift in Sources */,
				5FE4D53528084DC50082542F /* WebService.swift in Sources */,
				5FE4D51128083B710082542F /* AppDelegate.swift in Sources */,
				5FE4D529280848E20082542F /* CharacterDetailsViewController.swift in Sources */,
				5FE4D52F28084D390082542F /* Character.swift in Sources */,
				5FE4D51328083B710082542F /* SceneDelegate.swift in Sources */,
				5FE4D527280842220082542F /* HomePageViewController.swift in Sources */,
			);
			runOnlyForDeploymentPostprocessing = 0;
		};
/* End PBXSourcesBuildPhase section */

/* Begin PBXVariantGroup section */
		5FE4D51628083B710082542F /* Main.storyboard */ = {
			isa = PBXVariantGroup;
			children = (
				5FE4D51728083B710082542F /* Base */,
			);
			name = Main.storyboard;
			sourceTree = "<group>";
		};
		5FE4D51B28083B730082542F /* LaunchScreen.storyboard */ = {
			isa = PBXVariantGroup;
			children = (
				5FE4D51C28083B730082542F /* Base */,
			);
			name = LaunchScreen.storyboard;
			sourceTree = "<group>";
		};
/* End PBXVariantGroup section */

/* Begin XCBuildConfiguration section */
		5FE4D51F28083B730082542F /* Debug */ = {
			isa = XCBuildConfiguration;
			buildSettings = {
				ALWAYS_SEARCH_USER_PATHS = NO;
				CLANG_ANALYZER_NONNULL = YES;
				CLANG_ANALYZER_NUMBER_OBJECT_CONVERSION = YES_AGGRESSIVE;
				CLANG_CXX_LANGUAGE_STANDARD = "gnu++17";
				CLANG_CXX_LIBRARY = "libc++";
				CLANG_ENABLE_MODULES = YES;
				CLANG_ENABLE_OBJC_ARC = YES;
				CLANG_ENABLE_OBJC_WEAK = YES;
				CLANG_WARN_BLOCK_CAPTURE_AUTORELEASING = YES;
				CLANG_WARN_BOOL_CONVERSION = YES;
				CLANG_WARN_COMMA = YES;
				CLANG_WARN_CONSTANT_CONVERSION = YES;
				CLANG_WARN_DEPRECATED_OBJC_IMPLEMENTATIONS = YES;
				CLANG_WARN_DIRECT_OBJC_ISA_USAGE = YES_ERROR;
				CLANG_WARN_DOCUMENTATION_COMMENTS = YES;
				CLANG_WARN_EMPTY_BODY = YES;
				CLANG_WARN_ENUM_CONVERSION = YES;
				CLANG_WARN_INFINITE_RECURSION = YES;
				CLANG_WARN_INT_CONVERSION = YES;
				CLANG_WARN_NON_LITERAL_NULL_CONVERSION = YES;
				CLANG_WARN_OBJC_IMPLICIT_RETAIN_SELF = YES;
				CLANG_WARN_OBJC_LITERAL_CONVERSION = YES;
				CLANG_WARN_OBJC_ROOT_CLASS = YES_ERROR;
				CLANG_WARN_QUOTED_INCLUDE_IN_FRAMEWORK_HEADER = YES;
				CLANG_WARN_RANGE_LOOP_ANALYSIS = YES;
				CLANG_WARN_STRICT_PROTOTYPES = YES;
				CLANG_WARN_SUSPICIOUS_MOVE = YES;
				CLANG_WARN_UNGUARDED_AVAILABILITY = YES_AGGRESSIVE;
				CLANG_WARN_UNREACHABLE_CODE = YES;
				CLANG_WARN__DUPLICATE_METHOD_MATCH = YES;
				COPY_PHASE_STRIP = NO;
				DEBUG_INFORMATION_FORMAT = dwarf;
				ENABLE_STRICT_OBJC_MSGSEND = YES;
				ENABLE_TESTABILITY = YES;
				GCC_C_LANGUAGE_STANDARD = gnu11;
				GCC_DYNAMIC_NO_PIC = NO;
				GCC_NO_COMMON_BLOCKS = YES;
				GCC_OPTIMIZATION_LEVEL = 0;
				GCC_PREPROCESSOR_DEFINITIONS = (
					"DEBUG=1",
					"$(inherited)",
				);
				GCC_WARN_64_TO_32_BIT_CONVERSION = YES;
				GCC_WARN_ABOUT_RETURN_TYPE = YES_ERROR;
				GCC_WARN_UNDECLARED_SELECTOR = YES;
				GCC_WARN_UNINITIALIZED_AUTOS = YES_AGGRESSIVE;
				GCC_WARN_UNUSED_FUNCTION = YES;
				GCC_WARN_UNUSED_VARIABLE = YES;
				IPHONEOS_DEPLOYMENT_TARGET = 15.0;
				MTL_ENABLE_DEBUG_INFO = INCLUDE_SOURCE;
				MTL_FAST_MATH = YES;
				ONLY_ACTIVE_ARCH = YES;
				SDKROOT = iphoneos;
				SWIFT_ACTIVE_COMPILATION_CONDITIONS = DEBUG;
				SWIFT_OPTIMIZATION_LEVEL = "-Onone";
			};
			name = Debug;
		};
		5FE4D52028083B730082542F /* Release */ = {
			isa = XCBuildConfiguration;
			buildSettings = {
				ALWAYS_SEARCH_USER_PATHS = NO;
				CLANG_ANALYZER_NONNULL = YES;
				CLANG_ANALYZER_NUMBER_OBJECT_CONVERSION = YES_AGGRESSIVE;
				CLANG_CXX_LANGUAGE_STANDARD = "gnu++17";
				CLANG_CXX_LIBRARY = "libc++";
				CLANG_ENABLE_MODULES = YES;
				CLANG_ENABLE_OBJC_ARC = YES;
				CLANG_ENABLE_OBJC_WEAK = YES;
				CLANG_WARN_BLOCK_CAPTURE_AUTORELEASING = YES;
				CLANG_WARN_BOOL_CONVERSION = YES;
				CLANG_WARN_COMMA = YES;
				CLANG_WARN_CONSTANT_CONVERSION = YES;
				CLANG_WARN_DEPRECATED_OBJC_IMPLEMENTATIONS = YES;
				CLANG_WARN_DIRECT_OBJC_ISA_USAGE = YES_ERROR;
				CLANG_WARN_DOCUMENTATION_COMMENTS = YES;
				CLANG_WARN_EMPTY_BODY = YES;
				CLANG_WARN_ENUM_CONVERSION = YES;
				CLANG_WARN_INFINITE_RECURSION = YES;
				CLANG_WARN_INT_CONVERSION = YES;
				CLANG_WARN_NON_LITERAL_NULL_CONVERSION = YES;
				CLANG_WARN_OBJC_IMPLICIT_RETAIN_SELF = YES;
				CLANG_WARN_OBJC_LITERAL_CONVERSION = YES;
				CLANG_WARN_OBJC_ROOT_CLASS = YES_ERROR;
				CLANG_WARN_QUOTED_INCLUDE_IN_FRAMEWORK_HEADER = YES;
				CLANG_WARN_RANGE_LOOP_ANALYSIS = YES;
				CLANG_WARN_STRICT_PROTOTYPES = YES;
				CLANG_WARN_SUSPICIOUS_MOVE = YES;
				CLANG_WARN_UNGUARDED_AVAILABILITY = YES_AGGRESSIVE;
				CLANG_WARN_UNREACHABLE_CODE = YES;
				CLANG_WARN__DUPLICATE_METHOD_MATCH = YES;
				COPY_PHASE_STRIP = NO;
				DEBUG_INFORMATION_FORMAT = "dwarf-with-dsym";
				ENABLE_NS_ASSERTIONS = NO;
				ENABLE_STRICT_OBJC_MSGSEND = YES;
				GCC_C_LANGUAGE_STANDARD = gnu11;
				GCC_NO_COMMON_BLOCKS = YES;
				GCC_WARN_64_TO_32_BIT_CONVERSION = YES;
				GCC_WARN_ABOUT_RETURN_TYPE = YES_ERROR;
				GCC_WARN_UNDECLARED_SELECTOR = YES;
				GCC_WARN_UNINITIALIZED_AUTOS = YES_AGGRESSIVE;
				GCC_WARN_UNUSED_FUNCTION = YES;
				GCC_WARN_UNUSED_VARIABLE = YES;
				IPHONEOS_DEPLOYMENT_TARGET = 15.0;
				MTL_ENABLE_DEBUG_INFO = NO;
				MTL_FAST_MATH = YES;
				SDKROOT = iphoneos;
				SWIFT_COMPILATION_MODE = wholemodule;
				SWIFT_OPTIMIZATION_LEVEL = "-O";
				VALIDATE_PRODUCT = YES;
			};
			name = Release;
		};
		5FE4D52228083B730082542F /* Debug */ = {
			isa = XCBuildConfiguration;
			baseConfigurationReference = 4C406F7BA1050F59634EAB3C /* Pods-Rick and Morty test app.debug.xcconfig */;
			buildSettings = {
				ASSETCATALOG_COMPILER_APPICON_NAME = AppIcon;
				ASSETCATALOG_COMPILER_GLOBAL_ACCENT_COLOR_NAME = AccentColor;
				CODE_SIGN_STYLE = Automatic;
				CURRENT_PROJECT_VERSION = 1;
				DEVELOPMENT_TEAM = BVY3Y34K3N;
				GENERATE_INFOPLIST_FILE = YES;
				INFOPLIST_FILE = "Rick and Morty test app/Info.plist";
				INFOPLIST_KEY_UIApplicationSupportsIndirectInputEvents = YES;
				INFOPLIST_KEY_UILaunchStoryboardName = LaunchScreen;
				INFOPLIST_KEY_UIMainStoryboardFile = Main;
				INFOPLIST_KEY_UISupportedInterfaceOrientations_iPad = "UIInterfaceOrientationPortrait UIInterfaceOrientationPortraitUpsideDown UIInterfaceOrientationLandscapeLeft UIInterfaceOrientationLandscapeRight";
				INFOPLIST_KEY_UISupportedInterfaceOrientations_iPhone = "UIInterfaceOrientationPortrait UIInterfaceOrientationLandscapeLeft UIInterfaceOrientationLandscapeRight";
				LD_RUNPATH_SEARCH_PATHS = (
					"$(inherited)",
					"@executable_path/Frameworks",
				);
				MARKETING_VERSION = 1.0;
				PRODUCT_BUNDLE_IDENTIFIER = "com.dzhafar.Rick-and-Morty-test-app";
				PRODUCT_NAME = "$(TARGET_NAME)";
				SWIFT_EMIT_LOC_STRINGS = YES;
				SWIFT_VERSION = 5.0;
				TARGETED_DEVICE_FAMILY = "1,2";
			};
			name = Debug;
		};
		5FE4D52328083B730082542F /* Release */ = {
			isa = XCBuildConfiguration;
			baseConfigurationReference = 32BD162E142E6CF90839A0BF /* Pods-Rick and Morty test app.release.xcconfig */;
			buildSettings = {
				ASSETCATALOG_COMPILER_APPICON_NAME = AppIcon;
				ASSETCATALOG_COMPILER_GLOBAL_ACCENT_COLOR_NAME = AccentColor;
				CODE_SIGN_STYLE = Automatic;
				CURRENT_PROJECT_VERSION = 1;
				DEVELOPMENT_TEAM = BVY3Y34K3N;
				GENERATE_INFOPLIST_FILE = YES;
				INFOPLIST_FILE = "Rick and Morty test app/Info.plist";
				INFOPLIST_KEY_UIApplicationSupportsIndirectInputEvents = YES;
				INFOPLIST_KEY_UILaunchStoryboardName = LaunchScreen;
				INFOPLIST_KEY_UIMainStoryboardFile = Main;
				INFOPLIST_KEY_UISupportedInterfaceOrientations_iPad = "UIInterfaceOrientationPortrait UIInterfaceOrientationPortraitUpsideDown UIInterfaceOrientationLandscapeLeft UIInterfaceOrientationLandscapeRight";
				INFOPLIST_KEY_UISupportedInterfaceOrientations_iPhone = "UIInterfaceOrientationPortrait UIInterfaceOrientationLandscapeLeft UIInterfaceOrientationLandscapeRight";
				LD_RUNPATH_SEARCH_PATHS = (
					"$(inherited)",
					"@executable_path/Frameworks",
				);
				MARKETING_VERSION = 1.0;
				PRODUCT_BUNDLE_IDENTIFIER = "com.dzhafar.Rick-and-Morty-test-app";
				PRODUCT_NAME = "$(TARGET_NAME)";
				SWIFT_EMIT_LOC_STRINGS = YES;
				SWIFT_VERSION = 5.0;
				TARGETED_DEVICE_FAMILY = "1,2";
			};
			name = Release;
		};
/* End XCBuildConfiguration section */

/* Begin XCConfigurationList section */
		5FE4D50828083B710082542F /* Build configuration list for PBXProject "Rick and Morty test app" */ = {
			isa = XCConfigurationList;
			buildConfigurations = (
				5FE4D51F28083B730082542F /* Debug */,
				5FE4D52028083B730082542F /* Release */,
			);
			defaultConfigurationIsVisible = 0;
			defaultConfigurationName = Release;
		};
		5FE4D52128083B730082542F /* Build configuration list for PBXNativeTarget "Rick and Morty test app" */ = {
			isa = XCConfigurationList;
			buildConfigurations = (
				5FE4D52228083B730082542F /* Debug */,
				5FE4D52328083B730082542F /* Release */,
			);
			defaultConfigurationIsVisible = 0;
			defaultConfigurationName = Release;
		};
/* End XCConfigurationList section */
	};
	rootObject = 5FE4D50528083B710082542F /* Project object */;
}
